
Microsoft Visual Studio Solution File, Format Version 12.00
# Visual Studio Version 17
VisualStudioVersion = 17.0.31912.275
MinimumVisualStudioVersion = 10.0.40219.1
Project("{FAE04EC0-301F-11D3-BF4B-00C04F79EFBC}") = "CalculatorB", "CalculatorB\CalculatorB.csproj", "{EBA3BDB2-D389-4347-A896-1C93CC977A04}"
EndProject
Global
	GlobalSection(SolutionConfigurationPlatforms) = preSolution
		Debug|Any CPU = Debug|Any CPU
		Release|Any CPU = Release|Any CPU
	EndGlobalSection
	GlobalSection(ProjectConfigurationPlatforms) = postSolution
		{EBA3BDB2-D389-4347-A896-1C93CC977A04}.Debug|Any CPU.ActiveCfg = Debug|Any CPU
		{EBA3BDB2-D389-4347-A896-1C93CC977A04}.Debug|Any CPU.Build.0 = Debug|Any CPU
		{EBA3BDB2-D389-4347-A896-1C93CC977A04}.Release|Any CPU.ActiveCfg = Release|Any CPU
		{EBA3BDB2-D389-4347-A896-1C93CC977A04}.Release|Any CPU.Build.0 = Release|Any CPU
	EndGlobalSection
	GlobalSection(SolutionProperties) = preSolution
		HideSolutionNode = FALSE
	EndGlobalSection
	GlobalSection(ExtensibilityGlobals) = postSolution
		SolutionGuid = {F66174AE-0735-43C7-BB4C-F9FEADEF51E6}
	EndGlobalSection
EndGlobal
